
Microsoft Visual Studio Solution File, Format Version 12.00
# Visual Studio Version 16
VisualStudioVersion = 16.0.35130.168
MinimumVisualStudioVersion = 10.0.40219.1
Project("{FAE04EC0-301F-11D3-BF4B-00C04F79EFBC}") = "websocket", "websocket\websocket.csproj", "{33C2EDB2-F4DE-4B90-AEE7-FB1ABE457C79}"
EndProject
Project("{FAE04EC0-301F-11D3-BF4B-00C04F79EFBC}") = "serverportal", "serverportal\serverportal.csproj", "{FAC9A4AE-6D90-4BEE-A3B6-BF464D29E7DE}"
EndProject
Project("{FAE04EC0-301F-11D3-BF4B-00C04F79EFBC}") = "clientportal", "clientportal\clientportal.csproj", "{49462D21-6295-443E-A4DB-7481823E96CF}"
EndProject
Global
	GlobalSection(SolutionConfigurationPlatforms) = preSolution
		Debug|Any CPU = Debug|Any CPU
		Debug|x64 = Debug|x64
		Debug|x86 = Debug|x86
		Release|Any CPU = Release|Any CPU
		Release|x64 = Release|x64
		Release|x86 = Release|x86
	EndGlobalSection
	GlobalSection(ProjectConfigurationPlatforms) = postSolution
		{33C2EDB2-F4DE-4B90-AEE7-FB1ABE457C79}.Debug|Any CPU.ActiveCfg = Debug|Any CPU
		{33C2EDB2-F4DE-4B90-AEE7-FB1ABE457C79}.Debug|Any CPU.Build.0 = Debug|Any CPU
		{33C2EDB2-F4DE-4B90-AEE7-FB1ABE457C79}.Debug|x64.ActiveCfg = Debug|x64
		{33C2EDB2-F4DE-4B90-AEE7-FB1ABE457C79}.Debug|x64.Build.0 = Debug|x64
		{33C2EDB2-F4DE-4B90-AEE7-FB1ABE457C79}.Debug|x86.ActiveCfg = Debug|Any CPU
		{33C2EDB2-F4DE-4B90-AEE7-FB1ABE457C79}.Debug|x86.Build.0 = Debug|Any CPU
		{33C2EDB2-F4DE-4B90-AEE7-FB1ABE457C79}.Release|Any CPU.ActiveCfg = Release|Any CPU
		{33C2EDB2-F4DE-4B90-AEE7-FB1ABE457C79}.Release|Any CPU.Build.0 = Release|Any CPU
		{33C2EDB2-F4DE-4B90-AEE7-FB1ABE457C79}.Release|x64.ActiveCfg = Release|x64
		{33C2EDB2-F4DE-4B90-AEE7-FB1ABE457C79}.Release|x64.Build.0 = Release|x64
		{33C2EDB2-F4DE-4B90-AEE7-FB1ABE457C79}.Release|x86.ActiveCfg = Release|Any CPU
		{33C2EDB2-F4DE-4B90-AEE7-FB1ABE457C79}.Release|x86.Build.0 = Release|Any CPU
		{FAC9A4AE-6D90-4BEE-A3B6-BF464D29E7DE}.Debug|Any CPU.ActiveCfg = Debug|Any CPU
		{FAC9A4AE-6D90-4BEE-A3B6-BF464D29E7DE}.Debug|Any CPU.Build.0 = Debug|Any CPU
		{FAC9A4AE-6D90-4BEE-A3B6-BF464D29E7DE}.Debug|x64.ActiveCfg = Debug|Any CPU
		{FAC9A4AE-6D90-4BEE-A3B6-BF464D29E7DE}.Debug|x64.Build.0 = Debug|Any CPU
		{FAC9A4AE-6D90-4BEE-A3B6-BF464D29E7DE}.Debug|x86.ActiveCfg = Debug|Any CPU
		{FAC9A4AE-6D90-4BEE-A3B6-BF464D29E7DE}.Debug|x86.Build.0 = Debug|Any CPU
		{FAC9A4AE-6D90-4BEE-A3B6-BF464D29E7DE}.Release|Any CPU.ActiveCfg = Release|Any CPU
		{FAC9A4AE-6D90-4BEE-A3B6-BF464D29E7DE}.Release|Any CPU.Build.0 = Release|Any CPU
		{FAC9A4AE-6D90-4BEE-A3B6-BF464D29E7DE}.Release|x64.ActiveCfg = Release|Any CPU
		{FAC9A4AE-6D90-4BEE-A3B6-BF464D29E7DE}.Release|x64.Build.0 = Release|Any CPU
		{FAC9A4AE-6D90-4BEE-A3B6-BF464D29E7DE}.Release|x86.ActiveCfg = Release|Any CPU
		{FAC9A4AE-6D90-4BEE-A3B6-BF464D29E7DE}.Release|x86.Build.0 = Release|Any CPU
		{49462D21-6295-443E-A4DB-7481823E96CF}.Debug|Any CPU.ActiveCfg = Debug|Any CPU
		{49462D21-6295-443E-A4DB-7481823E96CF}.Debug|Any CPU.Build.0 = Debug|Any CPU
		{49462D21-6295-443E-A4DB-7481823E96CF}.Debug|x64.ActiveCfg = Debug|Any CPU
		{49462D21-6295-443E-A4DB-7481823E96CF}.Debug|x64.Build.0 = Debug|Any CPU
		{49462D21-6295-443E-A4DB-7481823E96CF}.Debug|x86.ActiveCfg = Debug|Any CPU
		{49462D21-6295-443E-A4DB-7481823E96CF}.Debug|x86.Build.0 = Debug|Any CPU
		{49462D21-6295-443E-A4DB-7481823E96CF}.Release|Any CPU.ActiveCfg = Release|Any CPU
		{49462D21-6295-443E-A4DB-7481823E96CF}.Release|Any CPU.Build.0 = Release|Any CPU
		{49462D21-6295-443E-A4DB-7481823E96CF}.Release|x64.ActiveCfg = Release|Any CPU
		{49462D21-6295-443E-A4DB-7481823E96CF}.Release|x64.Build.0 = Release|Any CPU
		{49462D21-6295-443E-A4DB-7481823E96CF}.Release|x86.ActiveCfg = Release|Any CPU
		{49462D21-6295-443E-A4DB-7481823E96CF}.Release|x86.Build.0 = Release|Any CPU
	EndGlobalSection
	GlobalSection(SolutionProperties) = preSolution
		HideSolutionNode = FALSE
	EndGlobalSection
	GlobalSection(ExtensibilityGlobals) = postSolution
		SolutionGuid = {B871E3F9-1588-4AED-9B75-A26EC81F29D2}
	EndGlobalSection
EndGlobal
